
Microsoft Visual Studio Solution File, Format Version 12.00
# Visual Studio 15
VisualStudioVersion = 15.0.28307.421
MinimumVisualStudioVersion = 10.0.40219.1
Project("{FAE04EC0-301F-11D3-BF4B-00C04F79EFBC}") = "ProgrammingProblems", "ProgrammingProblems\ProgrammingProblems.csproj", "{4CF59313-3B35-48F4-9BEC-3464F3534F65}"
EndProject
Project("{FAE04EC0-301F-11D3-BF4B-00C04F79EFBC}") = "ProgrammingProblemsTests", "ProgrammingProblemsTests\ProgrammingProblemsTests.csproj", "{A1DB1D11-3AD6-46DE-A485-3001EFE6FE57}"
EndProject
Global
	GlobalSection(SolutionConfigurationPlatforms) = preSolution
		Debug|Any CPU = Debug|Any CPU
		Release|Any CPU = Release|Any CPU
	EndGlobalSection
	GlobalSection(ProjectConfigurationPlatforms) = postSolution
		{4CF59313-3B35-48F4-9BEC-3464F3534F65}.Debug|Any CPU.ActiveCfg = Debug|Any CPU
		{4CF59313-3B35-48F4-9BEC-3464F3534F65}.Debug|Any CPU.Build.0 = Debug|Any CPU
		{4CF59313-3B35-48F4-9BEC-3464F3534F65}.Release|Any CPU.ActiveCfg = Release|Any CPU
		{4CF59313-3B35-48F4-9BEC-3464F3534F65}.Release|Any CPU.Build.0 = Release|Any CPU
		{A1DB1D11-3AD6-46DE-A485-3001EFE6FE57}.Debug|Any CPU.ActiveCfg = Debug|Any CPU
		{A1DB1D11-3AD6-46DE-A485-3001EFE6FE57}.Debug|Any CPU.Build.0 = Debug|Any CPU
		{A1DB1D11-3AD6-46DE-A485-3001EFE6FE57}.Release|Any CPU.ActiveCfg = Release|Any CPU
		{A1DB1D11-3AD6-46DE-A485-3001EFE6FE57}.Release|Any CPU.Build.0 = Release|Any CPU
	EndGlobalSection
	GlobalSection(SolutionProperties) = preSolution
		HideSolutionNode = FALSE
	EndGlobalSection
	GlobalSection(ExtensibilityGlobals) = postSolution
		SolutionGuid = {418D1ED4-74F9-4AC6-8FB9-D60E96E02365}
	EndGlobalSection
EndGlobal
